
Microsoft Visual Studio Solution File, Format Version 12.00
# Visual Studio Version 16
VisualStudioVersion = 16.0.31321.278
MinimumVisualStudioVersion = 10.0.40219.1
Project("{888888A0-9F3D-457C-B088-3A5042F75D52}") = "NumberGuesser", "NumberGuesser\NumberGuesser.pyproj", "{F71617E4-CD67-4025-815F-9E138373CB4E}"
EndProject
Global
	GlobalSection(SolutionConfigurationPlatforms) = preSolution
		Debug|Any CPU = Debug|Any CPU
		Release|Any CPU = Release|Any CPU
	EndGlobalSection
	GlobalSection(ProjectConfigurationPlatforms) = postSolution
		{F71617E4-CD67-4025-815F-9E138373CB4E}.Debug|Any CPU.ActiveCfg = Debug|Any CPU
		{F71617E4-CD67-4025-815F-9E138373CB4E}.Release|Any CPU.ActiveCfg = Release|Any CPU
	EndGlobalSection
	GlobalSection(SolutionProperties) = preSolution
		HideSolutionNode = FALSE
	EndGlobalSection
	GlobalSection(ExtensibilityGlobals) = postSolution
		SolutionGuid = {C94CB0F4-D297-4BD2-8EA0-B8BEC95CAF75}
	EndGlobalSection
EndGlobal
